
Microsoft Visual Studio Solution File, Format Version 12.00
# Visual Studio Version 17
VisualStudioVersion = 17.2.32616.157
MinimumVisualStudioVersion = 10.0.40219.1
Project("{FAE04EC0-301F-11D3-BF4B-00C04F79EFBC}") = "EmployeeProductivityTracker", "EmployeeProductivityTracker\EmployeeProductivityTracker.csproj", "{6EB776FD-9FF8-415A-9B09-91CA235FA333}"
EndProject
Global
	GlobalSection(SolutionConfigurationPlatforms) = preSolution
		Debug|Any CPU = Debug|Any CPU
		Release|Any CPU = Release|Any CPU
	EndGlobalSection
	GlobalSection(ProjectConfigurationPlatforms) = postSolution
		{6EB776FD-9FF8-415A-9B09-91CA235FA333}.Debug|Any CPU.ActiveCfg = Debug|Any CPU
		{6EB776FD-9FF8-415A-9B09-91CA235FA333}.Debug|Any CPU.Build.0 = Debug|Any CPU
		{6EB776FD-9FF8-415A-9B09-91CA235FA333}.Release|Any CPU.ActiveCfg = Release|Any CPU
		{6EB776FD-9FF8-415A-9B09-91CA235FA333}.Release|Any CPU.Build.0 = Release|Any CPU
	EndGlobalSection
	GlobalSection(SolutionProperties) = preSolution
		HideSolutionNode = FALSE
	EndGlobalSection
	GlobalSection(ExtensibilityGlobals) = postSolution
		SolutionGuid = {66497FF0-8EF7-4350-AF51-B33AD72AFFD0}
	EndGlobalSection
EndGlobal
